
Microsoft Visual Studio Solution File, Format Version 12.00
# Visual Studio 15
VisualStudioVersion = 15.0.28306.52
MinimumVisualStudioVersion = 10.0.40219.1
Project("{FAE04EC0-301F-11D3-BF4B-00C04F79EFBC}") = "Toggler", "Toggler\Toggler.csproj", "{141D82AB-9184-4C72-BC52-3D983B428C96}"
EndProject
Project("{FAE04EC0-301F-11D3-BF4B-00C04F79EFBC}") = "Toggler.Tests", "Toggler.Tests\Toggler.Tests.csproj", "{FF37198E-8D9D-4423-80BC-DF78309CE75D}"
EndProject
Global
	GlobalSection(SolutionConfigurationPlatforms) = preSolution
		Debug|Any CPU = Debug|Any CPU
		Release|Any CPU = Release|Any CPU
	EndGlobalSection
	GlobalSection(ProjectConfigurationPlatforms) = postSolution
		{141D82AB-9184-4C72-BC52-3D983B428C96}.Debug|Any CPU.ActiveCfg = Debug|Any CPU
		{141D82AB-9184-4C72-BC52-3D983B428C96}.Debug|Any CPU.Build.0 = Debug|Any CPU
		{141D82AB-9184-4C72-BC52-3D983B428C96}.Release|Any CPU.ActiveCfg = Release|Any CPU
		{141D82AB-9184-4C72-BC52-3D983B428C96}.Release|Any CPU.Build.0 = Release|Any CPU
		{FF37198E-8D9D-4423-80BC-DF78309CE75D}.Debug|Any CPU.ActiveCfg = Debug|Any CPU
		{FF37198E-8D9D-4423-80BC-DF78309CE75D}.Debug|Any CPU.Build.0 = Debug|Any CPU
		{FF37198E-8D9D-4423-80BC-DF78309CE75D}.Release|Any CPU.ActiveCfg = Release|Any CPU
		{FF37198E-8D9D-4423-80BC-DF78309CE75D}.Release|Any CPU.Build.0 = Release|Any CPU
	EndGlobalSection
	GlobalSection(SolutionProperties) = preSolution
		HideSolutionNode = FALSE
	EndGlobalSection
	GlobalSection(ExtensibilityGlobals) = postSolution
		SolutionGuid = {10546FFF-5532-46EC-9982-9F905FBEE282}
	EndGlobalSection
EndGlobal
